Microsoft Visual Studio Solution File, Format Version 12.00
# Visual Studio Version 16
VisualStudioVersion = 16.0.30011.22
MinimumVisualStudioVersion = 10.0.40219.1
Project("{9A19103F-16F7-4668-BE54-9A1E7A4F7556}") = "DotSpatial.Projections", "DotSpatial.Projections\DotSpatial.Projections.csproj", "{D286DF06-21FA-40BE-B384-6ACA509AC98C}"
EndProject
Project("{2150E333-8FDC-42A3-9474-1A3956D46DE8}") = "Solution Items", "Solution Items", "{1DB6E371-0643-46F2-8EAD-B7D92AD133D5}"
	ProjectSection(SolutionItems) = preProject
		DotSpatial.ruleset = DotSpatial.ruleset
		Licence.txt = Licence.txt
		Readme.md = Readme.md
		stylecop.json = stylecop.json
	EndProjectSection
EndProject
Project("{2150E333-8FDC-42A3-9474-1A3956D46DE8}") = "Core", "Core", "{0F7FCF26-2DB1-4653-B5B5-24C4731339B6}"
EndProject
Project("{2150E333-8FDC-42A3-9474-1A3956D46DE8}") = "Tests", "Tests", "{12970967-D98D-4777-A5F8-11A9F037CC28}"
EndProject
Project("{FAE04EC0-301F-11D3-BF4B-00C04F79EFBC}") = "DotSpatial.Projections.Tests", "DotSpatial.Projections.Tests\DotSpatial.Projections.Tests.csproj", "{945A2FD7-C93C-456B-80A2-04FCBC6AFC51}"
EndProject
Global
	GlobalSection(SolutionConfigurationPlatforms) = preSolution
		Debug|Any CPU = Debug|Any CPU
		Release|Any CPU = Release|Any CPU
	EndGlobalSection
	GlobalSection(ProjectConfigurationPlatforms) = postSolution
		{D286DF06-21FA-40BE-B384-6ACA509AC98C}.Debug|Any CPU.ActiveCfg = Debug|Any CPU
		{D286DF06-21FA-40BE-B384-6ACA509AC98C}.Debug|Any CPU.Build.0 = Debug|Any CPU
		{D286DF06-21FA-40BE-B384-6ACA509AC98C}.Release|Any CPU.ActiveCfg = Release|Any CPU
		{D286DF06-21FA-40BE-B384-6ACA509AC98C}.Release|Any CPU.Build.0 = Release|Any CPU
		{945A2FD7-C93C-456B-80A2-04FCBC6AFC51}.Debug|Any CPU.ActiveCfg = Debug|Any CPU
		{945A2FD7-C93C-456B-80A2-04FCBC6AFC51}.Debug|Any CPU.Build.0 = Debug|Any CPU
		{945A2FD7-C93C-456B-80A2-04FCBC6AFC51}.Release|Any CPU.ActiveCfg = Release|Any CPU
		{945A2FD7-C93C-456B-80A2-04FCBC6AFC51}.Release|Any CPU.Build.0 = Release|Any CPU
	EndGlobalSection
	GlobalSection(SolutionProperties) = preSolution
		HideSolutionNode = FALSE
	EndGlobalSection
	GlobalSection(NestedProjects) = preSolution
		{D286DF06-21FA-40BE-B384-6ACA509AC98C} = {0F7FCF26-2DB1-4653-B5B5-24C4731339B6}
		{945A2FD7-C93C-456B-80A2-04FCBC6AFC51} = {12970967-D98D-4777-A5F8-11A9F037CC28}
	EndGlobalSection
	GlobalSection(ExtensibilityGlobals) = postSolution
		SolutionGuid = {D8B430BA-FDC2-4A09-B7CF-47AAA201EA8B}
	EndGlobalSection
EndGlobal
